
Microsoft Visual Studio Solution File, Format Version 12.00
# Visual Studio 15
VisualStudioVersion = 15.0.27004.2010
MinimumVisualStudioVersion = 10.0.40219.1
Project("{FAE04EC0-301F-11D3-BF4B-00C04F79EFBC}") = "QuotationAPI", "QuotationAPI\QuotationAPI.csproj", "{29AED8E5-D471-4117-9D28-2EA6F0773091}"
EndProject
Project("{FAE04EC0-301F-11D3-BF4B-00C04F79EFBC}") = "QuotationClient", "QuotationClient\QuotationClient.csproj", "{1BA15F96-D280-41E9-9E68-9FC4EDF7E64E}"
EndProject
Global
	GlobalSection(SolutionConfigurationPlatforms) = preSolution
		Debug|Any CPU = Debug|Any CPU
		Release|Any CPU = Release|Any CPU
	EndGlobalSection
	GlobalSection(ProjectConfigurationPlatforms) = postSolution
		{29AED8E5-D471-4117-9D28-2EA6F0773091}.Debug|Any CPU.ActiveCfg = Debug|Any CPU
		{29AED8E5-D471-4117-9D28-2EA6F0773091}.Debug|Any CPU.Build.0 = Debug|Any CPU
		{29AED8E5-D471-4117-9D28-2EA6F0773091}.Release|Any CPU.ActiveCfg = Release|Any CPU
		{29AED8E5-D471-4117-9D28-2EA6F0773091}.Release|Any CPU.Build.0 = Release|Any CPU
		{1BA15F96-D280-41E9-9E68-9FC4EDF7E64E}.Debug|Any CPU.ActiveCfg = Debug|Any CPU
		{1BA15F96-D280-41E9-9E68-9FC4EDF7E64E}.Debug|Any CPU.Build.0 = Debug|Any CPU
		{1BA15F96-D280-41E9-9E68-9FC4EDF7E64E}.Release|Any CPU.ActiveCfg = Release|Any CPU
		{1BA15F96-D280-41E9-9E68-9FC4EDF7E64E}.Release|Any CPU.Build.0 = Release|Any CPU
	EndGlobalSection
	GlobalSection(SolutionProperties) = preSolution
		HideSolutionNode = FALSE
	EndGlobalSection
	GlobalSection(ExtensibilityGlobals) = postSolution
		SolutionGuid = {F5B89D88-5186-4773-B6C3-E650CC343BA7}
	EndGlobalSection
EndGlobal
